// !$*UTF8*$!
{
	archiveVersion = 1;
	classes = {
	};
	objectVersion = 50;
	objects = {

/* Begin PBXBuildFile section */
		424926EA238808F60055F531 /* AppDelegate.swift in Sources */ = {isa = PBXBuildFile; fileRef = 424926E9238808F60055F531 /* AppDelegate.swift */; };
		424926EC238808F60055F531 /* SceneDelegate.swift in Sources */ = {isa = PBXBuildFile; fileRef = 424926EB238808F60055F531 /* SceneDelegate.swift */; };
		424926EE238808F60055F531 /* Home.swift in Sources */ = {isa = PBXBuildFile; fileRef = 424926ED238808F60055F531 /* Home.swift */; };
		424926F0238808F70055F531 /* Assets.xcassets in Resources */ = {isa = PBXBuildFile; fileRef = 424926EF238808F70055F531 /* Assets.xcassets */; };
		424926F3238808F70055F531 /* Preview Assets.xcassets in Resources */ = {isa = PBXBuildFile; fileRef = 424926F2238808F70055F531 /* Preview Assets.xcassets */; };
		424926F6238808F70055F531 /* LaunchScreen.storyboard in Resources */ = {isa = PBXBuildFile; fileRef = 424926F4238808F70055F531 /* LaunchScreen.storyboard */; };
		42492701238808F80055F531 /* tTests.swift in Sources */ = {isa = PBXBuildFile; fileRef = 42492700238808F80055F531 /* tTests.swift */; };
		42ECD34F238C102E00B0A332 /* battleround.json in Resources */ = {isa = PBXBuildFile; fileRef = 42ECD34E238C102E00B0A332 /* battleround.json */; };
		42ECD351238C10C600B0A332 /* Data.swift in Sources */ = {isa = PBXBuildFile; fileRef = 42ECD350238C10C600B0A332 /* Data.swift */; };
		42ECD353238C121000B0A332 /* Card.swift in Sources */ = {isa = PBXBuildFile; fileRef = 42ECD352238C121000B0A332 /* Card.swift */; };
		42ECD356238CBADF00B0A332 /* CardList.swift in Sources */ = {isa = PBXBuildFile; fileRef = 42ECD355238CBADF00B0A332 /* CardList.swift */; };
/* End PBXBuildFile section */

/* Begin PBXContainerItemProxy section */
		424926FD238808F80055F531 /* PBXContainerItemProxy */ = {
			isa = PBXContainerItemProxy;
			containerPortal = 424926DE238808F60055F531 /* Project object */;
			proxyType = 1;
			remoteGlobalIDString = 424926E5238808F60055F531;
			remoteInfo = t;
		};
/* End PBXContainerItemProxy section */

/* Begin PBXFileReference section */
		424926E6238808F60055F531 /* t.app */ = {isa = PBXFileReference; explicitFileType = wrapper.application; includeInIndex = 0; path = t.app; sourceTree = BUILT_PRODUCTS_DIR; };
		424926E9238808F60055F531 /* AppDelegate.swift */ = {isa = PBXFileReference; lastKnownFileType = sourcecode.swift; path = AppDelegate.swift; sourceTree = "<group>"; };
		424926EB238808F60055F531 /* SceneDelegate.swift */ = {isa = PBXFileReference; lastKnownFileType = sourcecode.swift; path = SceneDelegate.swift; sourceTree = "<group>"; };
		424926ED238808F60055F531 /* Home.swift */ = {isa = PBXFileReference; lastKnownFileType = sourcecode.swift; path = Home.swift; sourceTree = "<group>"; };
		424926EF238808F70055F531 /* Assets.xcassets */ = {isa = PBXFileReference; lastKnownFileType = folder.assetcatalog; path = Assets.xcassets; sourceTree = "<group>"; };
		424926F2238808F70055F531 /* Preview Assets.xcassets */ = {isa = PBXFileReference; lastKnownFileType = folder.assetcatalog; path = "Preview Assets.xcassets"; sourceTree = "<group>"; };
		424926F5238808F70055F531 /* Base */ = {isa = PBXFileReference; lastKnownFileType = file.storyboard; name = Base; path = Base.lproj/LaunchScreen.storyboard; sourceTree = "<group>"; };
		424926F7238808F70055F531 /* Info.plist */ = {isa = PBXFileReference; lastKnownFileType = text.plist.xml; path = Info.plist; sourceTree = "<group>"; };
		424926FC238808F80055F531 /* tTests.xctest */ = {isa = PBXFileReference; explicitFileType = wrapper.cfbundle; includeInIndex = 0; path = tTests.xctest; sourceTree = BUILT_PRODUCTS_DIR; };
		42492700238808F80055F531 /* tTests.swift */ = {isa = PBXFileReference; lastKnownFileType = sourcecode.swift; path = tTests.swift; sourceTree = "<group>"; };
		42492702238808F80055F531 /* Info.plist */ = {isa = PBXFileReference; lastKnownFileType = text.plist.xml; path = Info.plist; sourceTree = "<group>"; };
		42ECD34E238C102E00B0A332 /* battleround.json */ = {isa = PBXFileReference; fileEncoding = 4; lastKnownFileType = text.json; path = battleround.json; sourceTree = "<group>"; };
		42ECD350238C10C600B0A332 /* Data.swift */ = {isa = PBXFileReference; lastKnownFileType = sourcecode.swift; path = Data.swift; sourceTree = "<group>"; };
		42ECD352238C121000B0A332 /* Card.swift */ = {isa = PBXFileReference; lastKnownFileType = sourcecode.swift; path = Card.swift; sourceTree = "<group>"; };
		42ECD355238CBADF00B0A332 /* CardList.swift */ = {isa = PBXFileReference; lastKnownFileType = sourcecode.swift; path = CardList.swift; sourceTree = "<group>"; };
/* End PBXFileReference section */

/* Begin PBXFrameworksBuildPhase section */
		424926E3238808F60055F531 /* Frameworks */ = {
			isa = PBXFrameworksBuildPhase;
			buildActionMask = 2147483647;
			files = (
			);
			runOnlyForDeploymentPostprocessing = 0;
		};
		424926F9238808F80055F531 /* Frameworks */ = {
			isa = PBXFrameworksBuildPhase;
			buildActionMask = 2147483647;
			files = (
			);
			runOnlyForDeploymentPostprocessing = 0;
		};
/* End PBXFrameworksBuildPhase section */

/* Begin PBXGroup section */
		424926DD238808F60055F531 = {
			isa = PBXGroup;
			children = (
				424926E8238808F60055F531 /* t */,
				424926FF238808F80055F531 /* tTests */,
				424926E7238808F60055F531 /* Products */,
			);
			sourceTree = "<group>";
		};
		424926E7238808F60055F531 /* Products */ = {
			isa = PBXGroup;
			children = (
				424926E6238808F60055F531 /* t.app */,
				424926FC238808F80055F531 /* tTests.xctest */,
			);
			name = Products;
			sourceTree = "<group>";
		};
		424926E8238808F60055F531 /* t */ = {
			isa = PBXGroup;
			children = (
				424926E9238808F60055F531 /* AppDelegate.swift */,
				424926EB238808F60055F531 /* SceneDelegate.swift */,
				424926ED238808F60055F531 /* Home.swift */,
				424926EF238808F70055F531 /* Assets.xcassets */,
				424926F4238808F70055F531 /* LaunchScreen.storyboard */,
				424926F7238808F70055F531 /* Info.plist */,
				42ECD34E238C102E00B0A332 /* battleround.json */,
				424926F1238808F70055F531 /* Preview Content */,
				42ECD354238C121600B0A332 /* Model */,
				42ECD355238CBADF00B0A332 /* CardList.swift */,
			);
			path = t;
			sourceTree = "<group>";
		};
		424926F1238808F70055F531 /* Preview Content */ = {
			isa = PBXGroup;
			children = (
				424926F2238808F70055F531 /* Preview Assets.xcassets */,
			);
			path = "Preview Content";
			sourceTree = "<group>";
		};
		424926FF238808F80055F531 /* tTests */ = {
			isa = PBXGroup;
			children = (
				42492700238808F80055F531 /* tTests.swift */,
				42492702238808F80055F531 /* Info.plist */,
			);
			path = tTests;
			sourceTree = "<group>";
		};
		42ECD354238C121600B0A332 /* Model */ = {
			isa = PBXGroup;
			children = (
				42ECD350238C10C600B0A332 /* Data.swift */,
				42ECD352238C121000B0A332 /* Card.swift */,
			);
			path = Model;
			sourceTree = "<group>";
		};
/* End PBXGroup section */

/* Begin PBXNativeTarget section */
		424926E5238808F60055F531 /* t */ = {
			isa = PBXNativeTarget;
			buildConfigurationList = 42492705238808F80055F531 /* Build configuration list for PBXNativeTarget "t" */;
			buildPhases = (
				424926E2238808F60055F531 /* Sources */,
				424926E3238808F60055F531 /* Frameworks */,
				424926E4238808F60055F531 /* Resources */,
			);
			buildRules = (
			);
			dependencies = (
			);
			name = t;
			productName = t;
			productReference = 424926E6238808F60055F531 /* t.app */;
			productType = "com.apple.product-type.application";
		};
		424926FB238808F80055F531 /* tTests */ = {
			isa = PBXNativeTarget;
			buildConfigurationList = 42492708238808F80055F531 /* Build configuration list for PBXNativeTarget "tTests" */;
			buildPhases = (
				424926F8238808F80055F531 /* Sources */,
				424926F9238808F80055F531 /* Frameworks */,
				424926FA238808F80055F531 /* Resources */,
			);
			buildRules = (
			);
			dependencies = (
				424926FE238808F80055F531 /* PBXTargetDependency */,
			);
			name = tTests;
			productName = tTests;
			productReference = 424926FC238808F80055F531 /* tTests.xctest */;
			productType = "com.apple.product-type.bundle.unit-test";
		};
/* End PBXNativeTarget section */

/* Begin PBXProject section */
		424926DE238808F60055F531 /* Project object */ = {
			isa = PBXProject;
			attributes = {
				LastSwiftUpdateCheck = 1120;
				LastUpgradeCheck = 1120;
				ORGANIZATIONNAME = "Frank Cheng";
				TargetAttributes = {
					424926E5238808F60055F531 = {
						CreatedOnToolsVersion = 11.2.1;
					};
					424926FB238808F80055F531 = {
						CreatedOnToolsVersion = 11.2.1;
						TestTargetID = 424926E5238808F60055F531;
					};
				};
			};
			buildConfigurationList = 424926E1238808F60055F531 /* Build configuration list for PBXProject "t" */;
			compatibilityVersion = "Xcode 9.3";
			developmentRegion = en;
			hasScannedForEncodings = 0;
			knownRegions = (
				en,
				Base,
			);
			mainGroup = 424926DD238808F60055F531;
			productRefGroup = 424926E7238808F60055F531 /* Products */;
			projectDirPath = "";
			projectRoot = "";
			targets = (
				424926E5238808F60055F531 /* t */,
				424926FB238808F80055F531 /* tTests */,
			);
		};
/* End PBXProject section */

/* Begin PBXResourcesBuildPhase section */
		424926E4238808F60055F531 /* Resources */ = {
			isa = PBXResourcesBuildPhase;
			buildActionMask = 2147483647;
			files = (
				42ECD34F238C102E00B0A332 /* battleround.json in Resources */,
				424926F6238808F70055F531 /* LaunchScreen.storyboard in Resources */,
				424926F3238808F70055F531 /* Preview Assets.xcassets in Resources */,
				424926F0238808F70055F531 /* Assets.xcassets in Resources */,
			);
			runOnlyForDeploymentPostprocessing = 0;
		};
		424926FA238808F80055F531 /* Resources */ = {
			isa = PBXResourcesBuildPhase;
			buildActionMask = 2147483647;
			files = (
			);
			runOnlyForDeploymentPostprocessing = 0;
		};
/* End PBXResourcesBuildPhase section */

/* Begin PBXSourcesBuildPhase section */
		424926E2238808F60055F531 /* Sources */ = {
			isa = PBXSourcesBuildPhase;
			buildActionMask = 2147483647;
			files = (
				424926EA238808F60055F531 /* AppDelegate.swift in Sources */,
				42ECD356238CBADF00B0A332 /* CardList.swift in Sources */,
				424926EC238808F60055F531 /* SceneDelegate.swift in Sources */,
				42ECD353238C121000B0A332 /* Card.swift in Sources */,
				424926EE238808F60055F531 /* Home.swift in Sources */,
				42ECD351238C10C600B0A332 /* Data.swift in Sources */,
			);
			runOnlyForDeploymentPostprocessing = 0;
		};
		424926F8238808F80055F531 /* Sources */ = {
			isa = PBXSourcesBuildPhase;
			buildActionMask = 2147483647;
			files = (
				42492701238808F80055F531 /* tTests.swift in Sources */,
			);
			runOnlyForDeploymentPostprocessing = 0;
		};
/* End PBXSourcesBuildPhase section */

/* Begin PBXTargetDependency section */
		424926FE238808F80055F531 /* PBXTargetDependency */ = {
			isa = PBXTargetDependency;
			target = 424926E5238808F60055F531 /* t */;
			targetProxy = 424926FD238808F80055F531 /* PBXContainerItemProxy */;
		};
/* End PBXTargetDependency section */

/* Begin PBXVariantGroup section */
		424926F4238808F70055F531 /* LaunchScreen.storyboard */ = {
			isa = PBXVariantGroup;
			children = (
				424926F5238808F70055F531 /* Base */,
			);
			name = LaunchScreen.storyboard;
			sourceTree = "<group>";
		};
/* End PBXVariantGroup section */

/* Begin XCBuildConfiguration section */
		42492703238808F80055F531 /* Debug */ = {
			isa = XCBuildConfiguration;
			buildSettings = {
				ALWAYS_SEARCH_USER_PATHS = NO;
				CLANG_ANALYZER_NONNULL = YES;
				CLANG_ANALYZER_NUMBER_OBJECT_CONVERSION = YES_AGGRESSIVE;
				CLANG_CXX_LANGUAGE_STANDARD = "gnu++14";
				CLANG_CXX_LIBRARY = "libc++";
				CLANG_ENABLE_MODULES = YES;
				CLANG_ENABLE_OBJC_ARC = YES;
				CLANG_ENABLE_OBJC_WEAK = YES;
				CLANG_WARN_BLOCK_CAPTURE_AUTORELEASING = YES;
				CLANG_WARN_BOOL_CONVERSION = YES;
				CLANG_WARN_COMMA = YES;
				CLANG_WARN_CONSTANT_CONVERSION = YES;
				CLANG_WARN_DEPRECATED_OBJC_IMPLEMENTATIONS = YES;
				CLANG_WARN_DIRECT_OBJC_ISA_USAGE = YES_ERROR;
				CLANG_WARN_DOCUMENTATION_COMMENTS = YES;
				CLANG_WARN_EMPTY_BODY = YES;
				CLANG_WARN_ENUM_CONVERSION = YES;
				CLANG_WARN_INFINITE_RECURSION = YES;
				CLANG_WARN_INT_CONVERSION = YES;
				CLANG_WARN_NON_LITERAL_NULL_CONVERSION = YES;
				CLANG_WARN_OBJC_IMPLICIT_RETAIN_SELF = YES;
				CLANG_WARN_OBJC_LITERAL_CONVERSION = YES;
				CLANG_WARN_OBJC_ROOT_CLASS = YES_ERROR;
				CLANG_WARN_RANGE_LOOP_ANALYSIS = YES;
				CLANG_WARN_STRICT_PROTOTYPES = YES;
				CLANG_WARN_SUSPICIOUS_MOVE = YES;
				CLANG_WARN_UNGUARDED_AVAILABILITY = YES_AGGRESSIVE;
				CLANG_WARN_UNREACHABLE_CODE = YES;
				CLANG_WARN__DUPLICATE_METHOD_MATCH = YES;
				COPY_PHASE_STRIP = NO;
				DEBUG_INFORMATION_FORMAT = dwarf;
				ENABLE_STRICT_OBJC_MSGSEND = YES;
				ENABLE_TESTABILITY = YES;
				GCC_C_LANGUAGE_STANDARD = gnu11;
				GCC_DYNAMIC_NO_PIC = NO;
				GCC_NO_COMMON_BLOCKS = YES;
				GCC_OPTIMIZATION_LEVEL = 0;
				GCC_PREPROCESSOR_DEFINITIONS = (
					"DEBUG=1",
					"$(inherited)",
				);
				GCC_WARN_64_TO_32_BIT_CONVERSION = YES;
				GCC_WARN_ABOUT_RETURN_TYPE = YES_ERROR;
				GCC_WARN_UNDECLARED_SELECTOR = YES;
				GCC_WARN_UNINITIALIZED_AUTOS = YES_AGGRESSIVE;
				GCC_WARN_UNUSED_FUNCTION = YES;
				GCC_WARN_UNUSED_VARIABLE = YES;
				IPHONEOS_DEPLOYMENT_TARGET = 13.2;
				MTL_ENABLE_DEBUG_INFO = INCLUDE_SOURCE;
				MTL_FAST_MATH = YES;
				ONLY_ACTIVE_ARCH = YES;
				SDKROOT = iphoneos;
				SWIFT_ACTIVE_COMPILATION_CONDITIONS = DEBUG;
				SWIFT_OPTIMIZATION_LEVEL = "-Onone";
			};
			name = Debug;
		};
		42492704238808F80055F531 /* Release */ = {
			isa = XCBuildConfiguration;
			buildSettings = {
				ALWAYS_SEARCH_USER_PATHS = NO;
				CLANG_ANALYZER_NONNULL = YES;
				CLANG_ANALYZER_NUMBER_OBJECT_CONVERSION = YES_AGGRESSIVE;
				CLANG_CXX_LANGUAGE_STANDARD = "gnu++14";
				CLANG_CXX_LIBRARY = "libc++";
				CLANG_ENABLE_MODULES = YES;
				CLANG_ENABLE_OBJC_ARC = YES;
				CLANG_ENABLE_OBJC_WEAK = YES;
				CLANG_WARN_BLOCK_CAPTURE_AUTORELEASING = YES;
				CLANG_WARN_BOOL_CONVERSION = YES;
				CLANG_WARN_COMMA = YES;
				CLANG_WARN_CONSTANT_CONVERSION = YES;
				CLANG_WARN_DEPRECATED_OBJC_IMPLEMENTATIONS = YES;
				CLANG_WARN_DIRECT_OBJC_ISA_USAGE = YES_ERROR;
				CLANG_WARN_DOCUMENTATION_COMMENTS = YES;
				CLANG_WARN_EMPTY_BODY = YES;
				CLANG_WARN_ENUM_CONVERSION = YES;
				CLANG_WARN_INFINITE_RECURSION = YES;
				CLANG_WARN_INT_CONVERSION = YES;
				CLANG_WARN_NON_LITERAL_NULL_CONVERSION = YES;
				CLANG_WARN_OBJC_IMPLICIT_RETAIN_SELF = YES;
				CLANG_WARN_OBJC_LITERAL_CONVERSION = YES;
				CLANG_WARN_OBJC_ROOT_CLASS = YES_ERROR;
				CLANG_WARN_RANGE_LOOP_ANALYSIS = YES;
				CLANG_WARN_STRICT_PROTOTYPES = YES;
				CLANG_WARN_SUSPICIOUS_MOVE = YES;
				CLANG_WARN_UNGUARDED_AVAILABILITY = YES_AGGRESSIVE;
				CLANG_WARN_UNREACHABLE_CODE = YES;
				CLANG_WARN__DUPLICATE_METHOD_MATCH = YES;
				COPY_PHASE_STRIP = NO;
				DEBUG_INFORMATION_FORMAT = "dwarf-with-dsym";
				ENABLE_NS_ASSERTIONS = NO;
				ENABLE_STRICT_OBJC_MSGSEND = YES;
				GCC_C_LANGUAGE_STANDARD = gnu11;
				GCC_NO_COMMON_BLOCKS = YES;
				GCC_WARN_64_TO_32_BIT_CONVERSION = YES;
				GCC_WARN_ABOUT_RETURN_TYPE = YES_ERROR;
				GCC_WARN_UNDECLARED_SELECTOR = YES;
				GCC_WARN_UNINITIALIZED_AUTOS = YES_AGGRESSIVE;
				GCC_WARN_UNUSED_FUNCTION = YES;
				GCC_WARN_UNUSED_VARIABLE = YES;
				IPHONEOS_DEPLOYMENT_TARGET = 13.2;
				MTL_ENABLE_DEBUG_INFO = NO;
				MTL_FAST_MATH = YES;
				SDKROOT = iphoneos;
				SWIFT_COMPILATION_MODE = wholemodule;
				SWIFT_OPTIMIZATION_LEVEL = "-O";
				VALIDATE_PRODUCT = YES;
			};
			name = Release;
		};
		42492706238808F80055F531 /* Debug */ = {
			isa = XCBuildConfiguration;
			buildSettings = {
				ASSETCATALOG_COMPILER_APPICON_NAME = AppIcon;
				CODE_SIGN_STYLE = Automatic;
				DEVELOPMENT_ASSET_PATHS = "\"t/Preview Content\"";
				DEVELOPMENT_TEAM = S833P2K5YV;
				ENABLE_PREVIEWS = YES;
				INFOPLIST_FILE = t/Info.plist;
				LD_RUNPATH_SEARCH_PATHS = (
					"$(inherited)",
					"@executable_path/Frameworks",
				);
				PRODUCT_BUNDLE_IDENTIFIER = com.bettycc.t;
				PRODUCT_NAME = "$(TARGET_NAME)";
				SWIFT_VERSION = 5.0;
				TARGETED_DEVICE_FAMILY = "1,2";
			};
			name = Debug;
		};
		42492707238808F80055F531 /* Release */ = {
			isa = XCBuildConfiguration;
			buildSettings = {
				ASSETCATALOG_COMPILER_APPICON_NAME = AppIcon;
				CODE_SIGN_STYLE = Automatic;
				DEVELOPMENT_ASSET_PATHS = "\"t/Preview Content\"";
				DEVELOPMENT_TEAM = S833P2K5YV;
				ENABLE_PREVIEWS = YES;
				INFOPLIST_FILE = t/Info.plist;
				LD_RUNPATH_SEARCH_PATHS = (
					"$(inherited)",
					"@executable_path/Frameworks",
				);
				PRODUCT_BUNDLE_IDENTIFIER = com.bettycc.t;
				PRODUCT_NAME = "$(TARGET_NAME)";
				SWIFT_VERSION = 5.0;
				TARGETED_DEVICE_FAMILY = "1,2";
			};
			name = Release;
		};
		42492709238808F80055F531 /* Debug */ = {
			isa = XCBuildConfiguration;
			buildSettings = {
				ALWAYS_EMBED_SWIFT_STANDARD_LIBRARIES = YES;
				BUNDLE_LOADER = "$(TEST_HOST)";
				CODE_SIGN_STYLE = Automatic;
				DEVELOPMENT_TEAM = S833P2K5YV;
				INFOPLIST_FILE = tTests/Info.plist;
				IPHONEOS_DEPLOYMENT_TARGET = 13.2;
				LD_RUNPATH_SEARCH_PATHS = (
					"$(inherited)",
					"@executable_path/Frameworks",
					"@loader_path/Frameworks",
				);
				PRODUCT_BUNDLE_IDENTIFIER = com.bettycc.tTests;
				PRODUCT_NAME = "$(TARGET_NAME)";
				SWIFT_VERSION = 5.0;
				TARGETED_DEVICE_FAMILY = "1,2";
				TEST_HOST = "$(BUILT_PRODUCTS_DIR)/t.app/t";
			};
			name = Debug;
		};
		4249270A238808F80055F531 /* Release */ = {
			isa = XCBuildConfiguration;
			buildSettings = {
				ALWAYS_EMBED_SWIFT_STANDARD_LIBRARIES = YES;
				BUNDLE_LOADER = "$(TEST_HOST)";
				CODE_SIGN_STYLE = Automatic;
				DEVELOPMENT_TEAM = S833P2K5YV;
				INFOPLIST_FILE = tTests/Info.plist;
				IPHONEOS_DEPLOYMENT_TARGET = 13.2;
				LD_RUNPATH_SEARCH_PATHS = (
					"$(inherited)",
					"@executable_path/Frameworks",
					"@loader_path/Frameworks",
				);
				PRODUCT_BUNDLE_IDENTIFIER = com.bettycc.tTests;
				PRODUCT_NAME = "$(TARGET_NAME)";
				SWIFT_VERSION = 5.0;
				TARGETED_DEVICE_FAMILY = "1,2";
				TEST_HOST = "$(BUILT_PRODUCTS_DIR)/t.app/t";
			};
			name = Release;
		};
/* End XCBuildConfiguration section */

/* Begin XCConfigurationList section */
		424926E1238808F60055F531 /* Build configuration list for PBXProject "t" */ = {
			isa = XCConfigurationList;
			buildConfigurations = (
				42492703238808F80055F531 /* Debug */,
				42492704238808F80055F531 /* Release */,
			);
			defaultConfigurationIsVisible = 0;
			defaultConfigurationName = Release;
		};
		42492705238808F80055F531 /* Build configuration list for PBXNativeTarget "t" */ = {
			isa = XCConfigurationList;
			buildConfigurations = (
				42492706238808F80055F531 /* Debug */,
				42492707238808F80055F531 /* Release */,
			);
			defaultConfigurationIsVisible = 0;
			defaultConfigurationName = Release;
		};
		42492708238808F80055F531 /* Build configuration list for PBXNativeTarget "tTests" */ = {
			isa = XCConfigurationList;
			buildConfigurations = (
				42492709238808F80055F531 /* Debug */,
				4249270A238808F80055F531 /* Release */,
			);
			defaultConfigurationIsVisible = 0;
			defaultConfigurationName = Release;
		};
/* End XCConfigurationList section */
	};
	rootObject = 424926DE238808F60055F531 /* Project object */;
}
